
Microsoft Visual Studio Solution File, Format Version 12.00
# Visual Studio Version 17
VisualStudioVersion = 17.5.33424.131
MinimumVisualStudioVersion = 10.0.40219.1
Project("{FAE04EC0-301F-11D3-BF4B-00C04F79EFBC}") = "LessonsBot_DB", "LessonsBot_DB\LessonsBot_DB.csproj", "{5E82EF51-18C3-426E-8B7C-C55C74102ED6}"
EndProject
Project("{FAE04EC0-301F-11D3-BF4B-00C04F79EFBC}") = "LessonsBot_Logger", "LessonsBot_Logger\LessonsBot_Logger.csproj", "{A11E7644-D00F-4F76-A288-BE40B54A9979}"
EndProject
Project("{FAE04EC0-301F-11D3-BF4B-00C04F79EFBC}") = "LessonsBot_ApiSgk", "LessonsBot_ApiSgk\LessonsBot_ApiSgk.csproj", "{4C0B3586-5A96-48C4-9C3F-B630EB11C466}"
EndProject
Project("{FAE04EC0-301F-11D3-BF4B-00C04F79EFBC}") = "LessonsBot_Vk", "LessonsBot_Vk\LessonsBot_Vk.csproj", "{A33ED599-2769-4682-B969-D21CA5ADCE06}"
EndProject
Global
	GlobalSection(SolutionConfigurationPlatforms) = preSolution
		Debug|Any CPU = Debug|Any CPU
		Release|Any CPU = Release|Any CPU
	EndGlobalSection
	GlobalSection(ProjectConfigurationPlatforms) = postSolution
		{5E82EF51-18C3-426E-8B7C-C55C74102ED6}.Debug|Any CPU.ActiveCfg = Debug|Any CPU
		{5E82EF51-18C3-426E-8B7C-C55C74102ED6}.Debug|Any CPU.Build.0 = Debug|Any CPU
		{5E82EF51-18C3-426E-8B7C-C55C74102ED6}.Release|Any CPU.ActiveCfg = Release|Any CPU
		{5E82EF51-18C3-426E-8B7C-C55C74102ED6}.Release|Any CPU.Build.0 = Release|Any CPU
		{A11E7644-D00F-4F76-A288-BE40B54A9979}.Debug|Any CPU.ActiveCfg = Debug|Any CPU
		{A11E7644-D00F-4F76-A288-BE40B54A9979}.Debug|Any CPU.Build.0 = Debug|Any CPU
		{A11E7644-D00F-4F76-A288-BE40B54A9979}.Release|Any CPU.ActiveCfg = Release|Any CPU
		{A11E7644-D00F-4F76-A288-BE40B54A9979}.Release|Any CPU.Build.0 = Release|Any CPU
		{4C0B3586-5A96-48C4-9C3F-B630EB11C466}.Debug|Any CPU.ActiveCfg = Debug|Any CPU
		{4C0B3586-5A96-48C4-9C3F-B630EB11C466}.Debug|Any CPU.Build.0 = Debug|Any CPU
		{4C0B3586-5A96-48C4-9C3F-B630EB11C466}.Release|Any CPU.ActiveCfg = Release|Any CPU
		{4C0B3586-5A96-48C4-9C3F-B630EB11C466}.Release|Any CPU.Build.0 = Release|Any CPU
		{A33ED599-2769-4682-B969-D21CA5ADCE06}.Debug|Any CPU.ActiveCfg = Debug|Any CPU
		{A33ED599-2769-4682-B969-D21CA5ADCE06}.Debug|Any CPU.Build.0 = Debug|Any CPU
		{A33ED599-2769-4682-B969-D21CA5ADCE06}.Release|Any CPU.ActiveCfg = Release|Any CPU
		{A33ED599-2769-4682-B969-D21CA5ADCE06}.Release|Any CPU.Build.0 = Release|Any CPU
	EndGlobalSection
	GlobalSection(SolutionProperties) = preSolution
		HideSolutionNode = FALSE
	EndGlobalSection
	GlobalSection(ExtensibilityGlobals) = postSolution
		SolutionGuid = {B4959AA2-5C2B-4BF5-B419-D3D9F5879F9F}
	EndGlobalSection
EndGlobal
